
Microsoft Visual Studio Solution File, Format Version 12.00
# Visual Studio Version 17
VisualStudioVersion = 17.14.36518.9 d17.14
MinimumVisualStudioVersion = 10.0.40219.1
Project("{FAE04EC0-301F-11D3-BF4B-00C04F79EFBC}") = "ProgressBar", "ProgressBar.csproj", "{DA6A414F-1B73-4028-A7D5-31FC5467C0EE}"
EndProject
Global
	GlobalSection(SolutionConfigurationPlatforms) = preSolution
		Debug|Any CPU = Debug|Any CPU
		Release|Any CPU = Release|Any CPU
	EndGlobalSection
	GlobalSection(ProjectConfigurationPlatforms) = postSolution
		{DA6A414F-1B73-4028-A7D5-31FC5467C0EE}.Debug|Any CPU.ActiveCfg = Debug|Any CPU
		{DA6A414F-1B73-4028-A7D5-31FC5467C0EE}.Debug|Any CPU.Build.0 = Debug|Any CPU
		{DA6A414F-1B73-4028-A7D5-31FC5467C0EE}.Release|Any CPU.ActiveCfg = Release|Any CPU
		{DA6A414F-1B73-4028-A7D5-31FC5467C0EE}.Release|Any CPU.Build.0 = Release|Any CPU
	EndGlobalSection
	GlobalSection(SolutionProperties) = preSolution
		HideSolutionNode = FALSE
	EndGlobalSection
	GlobalSection(ExtensibilityGlobals) = postSolution
		SolutionGuid = {1BA8EA39-C299-4AA0-9B80-385F878E4A69}
	EndGlobalSection
EndGlobal
